
Microsoft Visual Studio Solution File, Format Version 12.00
# Visual Studio Version 16
VisualStudioVersion = 16.0.31019.35
MinimumVisualStudioVersion = 10.0.40219.1
Project("{FAE04EC0-301F-11D3-BF4B-00C04F79EFBC}") = "PeopleWebApp", "PeopleWebApp\PeopleWebApp.csproj", "{9B4DD731-AFB7-44BC-9703-08AE8A2766EA}"
EndProject
Global
	GlobalSection(SolutionConfigurationPlatforms) = preSolution
		Debug|Any CPU = Debug|Any CPU
		Release|Any CPU = Release|Any CPU
	EndGlobalSection
	GlobalSection(ProjectConfigurationPlatforms) = postSolution
		{9B4DD731-AFB7-44BC-9703-08AE8A2766EA}.Debug|Any CPU.ActiveCfg = Debug|Any CPU
		{9B4DD731-AFB7-44BC-9703-08AE8A2766EA}.Debug|Any CPU.Build.0 = Debug|Any CPU
		{9B4DD731-AFB7-44BC-9703-08AE8A2766EA}.Release|Any CPU.ActiveCfg = Release|Any CPU
		{9B4DD731-AFB7-44BC-9703-08AE8A2766EA}.Release|Any CPU.Build.0 = Release|Any CPU
	EndGlobalSection
	GlobalSection(SolutionProperties) = preSolution
		HideSolutionNode = FALSE
	EndGlobalSection
	GlobalSection(ExtensibilityGlobals) = postSolution
		SolutionGuid = {45AB1DB2-51D4-4AD9-9A90-263ADC032BD5}
	EndGlobalSection
EndGlobal
