
Microsoft Visual Studio Solution File, Format Version 12.00
# Visual Studio Version 16
VisualStudioVersion = 16.0.31019.35
MinimumVisualStudioVersion = 10.0.40219.1
Project("{9A19103F-16F7-4668-BE54-9A1E7A4F7556}") = "ChatApp.Web", "ChatApp.Web\ChatApp.Web.csproj", "{79D92E7D-4941-4659-B6C9-58EE431E5084}"
EndProject
Project("{FAE04EC0-301F-11D3-BF4B-00C04F79EFBC}") = "ChatApp.DTO", "ChatApp.DTO\ChatApp.DTO.csproj", "{35774A16-6AB6-407F-9E6C-D5762CB21F50}"
EndProject
Project("{FAE04EC0-301F-11D3-BF4B-00C04F79EFBC}") = "ChatApp.Mobile.Android", "ChatApp.Mobile\ChatApp.Mobile.Android\ChatApp.Mobile.Android.csproj", "{6777EAEA-D5C6-4471-BBD6-81FAF658E7CC}"
EndProject
Project("{FAE04EC0-301F-11D3-BF4B-00C04F79EFBC}") = "ChatApp.Mobile", "ChatApp.Mobile\ChatApp.Mobile\ChatApp.Mobile.csproj", "{1735769E-5B7F-4692-A28D-2D9CEEEC1D10}"
EndProject
Global
	GlobalSection(SolutionConfigurationPlatforms) = preSolution
		Debug|Any CPU = Debug|Any CPU
		Release|Any CPU = Release|Any CPU
	EndGlobalSection
	GlobalSection(ProjectConfigurationPlatforms) = postSolution
		{79D92E7D-4941-4659-B6C9-58EE431E5084}.Debug|Any CPU.ActiveCfg = Debug|Any CPU
		{79D92E7D-4941-4659-B6C9-58EE431E5084}.Debug|Any CPU.Build.0 = Debug|Any CPU
		{79D92E7D-4941-4659-B6C9-58EE431E5084}.Release|Any CPU.ActiveCfg = Release|Any CPU
		{79D92E7D-4941-4659-B6C9-58EE431E5084}.Release|Any CPU.Build.0 = Release|Any CPU
		{35774A16-6AB6-407F-9E6C-D5762CB21F50}.Debug|Any CPU.ActiveCfg = Debug|Any CPU
		{35774A16-6AB6-407F-9E6C-D5762CB21F50}.Debug|Any CPU.Build.0 = Debug|Any CPU
		{35774A16-6AB6-407F-9E6C-D5762CB21F50}.Release|Any CPU.ActiveCfg = Release|Any CPU
		{35774A16-6AB6-407F-9E6C-D5762CB21F50}.Release|Any CPU.Build.0 = Release|Any CPU
		{6777EAEA-D5C6-4471-BBD6-81FAF658E7CC}.Debug|Any CPU.ActiveCfg = Debug|Any CPU
		{6777EAEA-D5C6-4471-BBD6-81FAF658E7CC}.Debug|Any CPU.Build.0 = Debug|Any CPU
		{6777EAEA-D5C6-4471-BBD6-81FAF658E7CC}.Debug|Any CPU.Deploy.0 = Debug|Any CPU
		{6777EAEA-D5C6-4471-BBD6-81FAF658E7CC}.Release|Any CPU.ActiveCfg = Release|Any CPU
		{6777EAEA-D5C6-4471-BBD6-81FAF658E7CC}.Release|Any CPU.Build.0 = Release|Any CPU
		{6777EAEA-D5C6-4471-BBD6-81FAF658E7CC}.Release|Any CPU.Deploy.0 = Release|Any CPU
		{1735769E-5B7F-4692-A28D-2D9CEEEC1D10}.Debug|Any CPU.ActiveCfg = Debug|Any CPU
		{1735769E-5B7F-4692-A28D-2D9CEEEC1D10}.Debug|Any CPU.Build.0 = Debug|Any CPU
		{1735769E-5B7F-4692-A28D-2D9CEEEC1D10}.Release|Any CPU.ActiveCfg = Release|Any CPU
		{1735769E-5B7F-4692-A28D-2D9CEEEC1D10}.Release|Any CPU.Build.0 = Release|Any CPU
	EndGlobalSection
	GlobalSection(SolutionProperties) = preSolution
		HideSolutionNode = FALSE
	EndGlobalSection
	GlobalSection(ExtensibilityGlobals) = postSolution
		SolutionGuid = {6713C082-67C6-48DB-BA58-0FFE876ED87A}
	EndGlobalSection
EndGlobal
