
Microsoft Visual Studio Solution File, Format Version 12.00
# Visual Studio Version 16
VisualStudioVersion = 16.0.31019.35
MinimumVisualStudioVersion = 10.0.40219.1
Project("{FAE04EC0-301F-11D3-BF4B-00C04F79EFBC}") = "SimpleNavigationApp.Android", "SimpleNavigationApp\SimpleNavigationApp.Android\SimpleNavigationApp.Android.csproj", "{35C41BF3-6996-4747-914F-F41E43E0E90C}"
EndProject
Project("{FAE04EC0-301F-11D3-BF4B-00C04F79EFBC}") = "SimpleNavigationApp", "SimpleNavigationApp\SimpleNavigationApp\SimpleNavigationApp.csproj", "{1A3FA45E-8825-4E14-930B-0A6A4994E5BF}"
EndProject
Global
	GlobalSection(SolutionConfigurationPlatforms) = preSolution
		Debug|Any CPU = Debug|Any CPU
		Release|Any CPU = Release|Any CPU
	EndGlobalSection
	GlobalSection(ProjectConfigurationPlatforms) = postSolution
		{35C41BF3-6996-4747-914F-F41E43E0E90C}.Debug|Any CPU.ActiveCfg = Debug|Any CPU
		{35C41BF3-6996-4747-914F-F41E43E0E90C}.Debug|Any CPU.Build.0 = Debug|Any CPU
		{35C41BF3-6996-4747-914F-F41E43E0E90C}.Debug|Any CPU.Deploy.0 = Debug|Any CPU
		{35C41BF3-6996-4747-914F-F41E43E0E90C}.Release|Any CPU.ActiveCfg = Release|Any CPU
		{35C41BF3-6996-4747-914F-F41E43E0E90C}.Release|Any CPU.Build.0 = Release|Any CPU
		{35C41BF3-6996-4747-914F-F41E43E0E90C}.Release|Any CPU.Deploy.0 = Release|Any CPU
		{1A3FA45E-8825-4E14-930B-0A6A4994E5BF}.Debug|Any CPU.ActiveCfg = Debug|Any CPU
		{1A3FA45E-8825-4E14-930B-0A6A4994E5BF}.Debug|Any CPU.Build.0 = Debug|Any CPU
		{1A3FA45E-8825-4E14-930B-0A6A4994E5BF}.Debug|Any CPU.Deploy.0 = Debug|Any CPU
		{1A3FA45E-8825-4E14-930B-0A6A4994E5BF}.Release|Any CPU.ActiveCfg = Release|Any CPU
		{1A3FA45E-8825-4E14-930B-0A6A4994E5BF}.Release|Any CPU.Build.0 = Release|Any CPU
		{1A3FA45E-8825-4E14-930B-0A6A4994E5BF}.Release|Any CPU.Deploy.0 = Release|Any CPU
	EndGlobalSection
	GlobalSection(SolutionProperties) = preSolution
		HideSolutionNode = FALSE
	EndGlobalSection
	GlobalSection(ExtensibilityGlobals) = postSolution
		SolutionGuid = {A9891923-B8AA-4BE3-96BD-BA541F2980A9}
	EndGlobalSection
EndGlobal
