
Microsoft Visual Studio Solution File, Format Version 12.00
# Visual Studio Version 16
VisualStudioVersion = 16.0.31313.79
MinimumVisualStudioVersion = 10.0.40219.1
Project("{FAE04EC0-301F-11D3-BF4B-00C04F79EFBC}") = "Shared", "Shared\Shared.csproj", "{D382AAC1-8D8A-42C1-9257-D1E1D330A3D3}"
EndProject
Project("{FAE04EC0-301F-11D3-BF4B-00C04F79EFBC}") = "Broadcaster", "Broadcaster\Broadcaster.csproj", "{F0ABB447-4B06-4151-95AC-858F1FE3E844}"
EndProject
Project("{FAE04EC0-301F-11D3-BF4B-00C04F79EFBC}") = "Subscriber.ClientOne", "Subscriber.ClientOne\Subscriber.ClientOne.csproj", "{9DB75B12-92AE-446E-9EAA-5E6D12D48481}"
EndProject
Global
	GlobalSection(SolutionConfigurationPlatforms) = preSolution
		Debug|Any CPU = Debug|Any CPU
		Release|Any CPU = Release|Any CPU
	EndGlobalSection
	GlobalSection(ProjectConfigurationPlatforms) = postSolution
		{D382AAC1-8D8A-42C1-9257-D1E1D330A3D3}.Debug|Any CPU.ActiveCfg = Debug|Any CPU
		{D382AAC1-8D8A-42C1-9257-D1E1D330A3D3}.Debug|Any CPU.Build.0 = Debug|Any CPU
		{D382AAC1-8D8A-42C1-9257-D1E1D330A3D3}.Release|Any CPU.ActiveCfg = Release|Any CPU
		{D382AAC1-8D8A-42C1-9257-D1E1D330A3D3}.Release|Any CPU.Build.0 = Release|Any CPU
		{F0ABB447-4B06-4151-95AC-858F1FE3E844}.Debug|Any CPU.ActiveCfg = Debug|Any CPU
		{F0ABB447-4B06-4151-95AC-858F1FE3E844}.Debug|Any CPU.Build.0 = Debug|Any CPU
		{F0ABB447-4B06-4151-95AC-858F1FE3E844}.Release|Any CPU.ActiveCfg = Release|Any CPU
		{F0ABB447-4B06-4151-95AC-858F1FE3E844}.Release|Any CPU.Build.0 = Release|Any CPU
		{9DB75B12-92AE-446E-9EAA-5E6D12D48481}.Debug|Any CPU.ActiveCfg = Debug|Any CPU
		{9DB75B12-92AE-446E-9EAA-5E6D12D48481}.Debug|Any CPU.Build.0 = Debug|Any CPU
		{9DB75B12-92AE-446E-9EAA-5E6D12D48481}.Release|Any CPU.ActiveCfg = Release|Any CPU
		{9DB75B12-92AE-446E-9EAA-5E6D12D48481}.Release|Any CPU.Build.0 = Release|Any CPU
	EndGlobalSection
	GlobalSection(SolutionProperties) = preSolution
		HideSolutionNode = FALSE
	EndGlobalSection
	GlobalSection(ExtensibilityGlobals) = postSolution
		SolutionGuid = {53A26F86-9484-4434-8096-4E1AE94886ED}
	EndGlobalSection
EndGlobal
